
Microsoft Visual Studio Solution File, Format Version 12.00
# Visual Studio Version 16
VisualStudioVersion = 16.0.33027.164
MinimumVisualStudioVersion = 10.0.40219.1
Project("{FAE04EC0-301F-11D3-BF4B-00C04F79EFBC}") = "ConsoleApp82", "ConsoleApp82\ConsoleApp82.csproj", "{F52B97CD-4BCF-4EC8-8AC5-86820687C98F}"
EndProject
Project("{FAE04EC0-301F-11D3-BF4B-00C04F79EFBC}") = "BankTest", "BankTest\BankTest.csproj", "{AA514287-D498-4AA3-9D8B-ECC7D543BEC3}"
EndProject
Global
	GlobalSection(SolutionConfigurationPlatforms) = preSolution
		Debug|Any CPU = Debug|Any CPU
		Release|Any CPU = Release|Any CPU
	EndGlobalSection
	GlobalSection(ProjectConfigurationPlatforms) = postSolution
		{F52B97CD-4BCF-4EC8-8AC5-86820687C98F}.Debug|Any CPU.ActiveCfg = Debug|Any CPU
		{F52B97CD-4BCF-4EC8-8AC5-86820687C98F}.Debug|Any CPU.Build.0 = Debug|Any CPU
		{F52B97CD-4BCF-4EC8-8AC5-86820687C98F}.Release|Any CPU.ActiveCfg = Release|Any CPU
		{F52B97CD-4BCF-4EC8-8AC5-86820687C98F}.Release|Any CPU.Build.0 = Release|Any CPU
		{AA514287-D498-4AA3-9D8B-ECC7D543BEC3}.Debug|Any CPU.ActiveCfg = Debug|Any CPU
		{AA514287-D498-4AA3-9D8B-ECC7D543BEC3}.Debug|Any CPU.Build.0 = Debug|Any CPU
		{AA514287-D498-4AA3-9D8B-ECC7D543BEC3}.Release|Any CPU.ActiveCfg = Release|Any CPU
		{AA514287-D498-4AA3-9D8B-ECC7D543BEC3}.Release|Any CPU.Build.0 = Release|Any CPU
	EndGlobalSection
	GlobalSection(SolutionProperties) = preSolution
		HideSolutionNode = FALSE
	EndGlobalSection
	GlobalSection(ExtensibilityGlobals) = postSolution
		SolutionGuid = {3599C7AB-7618-4DF8-AB1F-7C0E5999587F}
	EndGlobalSection
EndGlobal
